
Microsoft Visual Studio Solution File, Format Version 12.00
# Visual Studio Version 17
VisualStudioVersion = 17.9.34622.214
MinimumVisualStudioVersion = 10.0.40219.1
Project("{FAE04EC0-301F-11D3-BF4B-00C04F79EFBC}") = "CrackMonkeyRemastered", "CrackMonkeyRemastered.csproj", "{760B877C-C497-4990-9D8B-C0064B4BC44C}"
EndProject
Global
	GlobalSection(SolutionConfigurationPlatforms) = preSolution
		Debug|Any CPU = Debug|Any CPU
		Release|Any CPU = Release|Any CPU
	EndGlobalSection
	GlobalSection(ProjectConfigurationPlatforms) = postSolution
		{760B877C-C497-4990-9D8B-C0064B4BC44C}.Debug|Any CPU.ActiveCfg = Debug|Any CPU
		{760B877C-C497-4990-9D8B-C0064B4BC44C}.Debug|Any CPU.Build.0 = Debug|Any CPU
		{760B877C-C497-4990-9D8B-C0064B4BC44C}.Release|Any CPU.ActiveCfg = Release|Any CPU
		{760B877C-C497-4990-9D8B-C0064B4BC44C}.Release|Any CPU.Build.0 = Release|Any CPU
	EndGlobalSection
	GlobalSection(SolutionProperties) = preSolution
		HideSolutionNode = FALSE
	EndGlobalSection
	GlobalSection(ExtensibilityGlobals) = postSolution
		SolutionGuid = {EF8BFF1B-91FF-4D89-8225-E4831037F93D}
	EndGlobalSection
EndGlobal
